// !$*UTF8*$!
{
	archiveVersion = 1;
	classes = {
	};
	objectVersion = 56;
	objects = {

/* Begin PBXBuildFile section */
		A1000001 /* SipCheckApp.swift in Sources */ = {isa = PBXBuildFile; fileRef = A2000001; };
		A1000002 /* Drink.swift in Sources */ = {isa = PBXBuildFile; fileRef = A2000002; };
		A1000003 /* DrinkEnums.swift in Sources */ = {isa = PBXBuildFile; fileRef = A2000003; };
		A1000004 /* HomeView.swift in Sources */ = {isa = PBXBuildFile; fileRef = A2000004; };
		A1000005 /* AddBeerView.swift in Sources */ = {isa = PBXBuildFile; fileRef = A2000005; };
		A1000006 /* BeerListView.swift in Sources */ = {isa = PBXBuildFile; fileRef = A2000006; };
		A1000007 /* BeerDetailView.swift in Sources */ = {isa = PBXBuildFile; fileRef = A2000007; };
		A1000008 /* RatingPicker.swift in Sources */ = {isa = PBXBuildFile; fileRef = A2000008; };
		A1000009 /* StylePicker.swift in Sources */ = {isa = PBXBuildFile; fileRef = A2000009; };
		A1000010 /* CameraView.swift in Sources */ = {isa = PBXBuildFile; fileRef = A2000010; };
		A1000011 /* OpenAIService.swift in Sources */ = {isa = PBXBuildFile; fileRef = A2000011; };
		A1000012 /* BeerMatcher.swift in Sources */ = {isa = PBXBuildFile; fileRef = A2000012; };
		A1000013 /* CheckBeerView.swift in Sources */ = {isa = PBXBuildFile; fileRef = A2000013; };
		A1000014 /* Assets.xcassets in Resources */ = {isa = PBXBuildFile; fileRef = A2000014; };
		A1000015 /* Config.swift in Sources */ = {isa = PBXBuildFile; fileRef = A2000015; };
		A1000016 /* DrinkStore.swift in Sources */ = {isa = PBXBuildFile; fileRef = A2000016; };
		A1000017 /* Secrets.swift in Sources */ = {isa = PBXBuildFile; fileRef = A2000017; };
		A1000018 /* LLMProvider.swift in Sources */ = {isa = PBXBuildFile; fileRef = A2000018; };
		A1000019 /* GeminiService.swift in Sources */ = {isa = PBXBuildFile; fileRef = A2000019; };
		A1000020 /* VisionOCRService.swift in Sources */ = {isa = PBXBuildFile; fileRef = A2000020; };
		A1000021 /* ImageCompressor.swift in Sources */ = {isa = PBXBuildFile; fileRef = A2000021; };
		A1000022 /* ScanningPipeline.swift in Sources */ = {isa = PBXBuildFile; fileRef = A2000022; };
		A1000023 /* TasteProfile.swift in Sources */ = {isa = PBXBuildFile; fileRef = A2000023; };
		A1000024 /* StatsView.swift in Sources */ = {isa = PBXBuildFile; fileRef = A2000024; };
		A1000025 /* OnboardingView.swift in Sources */ = {isa = PBXBuildFile; fileRef = A2000025; };
		A1000026 /* MainTabView.swift in Sources */ = {isa = PBXBuildFile; fileRef = A2000026; };
		A1000027 /* CheckTabView.swift in Sources */ = {isa = PBXBuildFile; fileRef = A2000027; };
		A1000028 /* JournalTabView.swift in Sources */ = {isa = PBXBuildFile; fileRef = A2000028; };
		A1000029 /* ProfileTabView.swift in Sources */ = {isa = PBXBuildFile; fileRef = A2000029; };
		A1000030 /* SettingsTabView.swift in Sources */ = {isa = PBXBuildFile; fileRef = A2000030; };
		C1000001 /* DesignSystem.swift in Sources */ = {isa = PBXBuildFile; fileRef = C2000001; };
		C1000002 /* Scan.swift in Sources */ = {isa = PBXBuildFile; fileRef = C2000002; };
		C1000003 /* JournalEntry.swift in Sources */ = {isa = PBXBuildFile; fileRef = C2000003; };
		C1000004 /* ScanStore.swift in Sources */ = {isa = PBXBuildFile; fileRef = C2000004; };
		C1000005 /* JournalStore.swift in Sources */ = {isa = PBXBuildFile; fileRef = C2000005; };
		B1000007 /* ScanStoreTests.swift in Sources */ = {isa = PBXBuildFile; fileRef = B2000007; };
		B1000008 /* JournalStoreTests.swift in Sources */ = {isa = PBXBuildFile; fileRef = B2000008; };
		B1000001 /* BeerMatcherTests.swift in Sources */ = {isa = PBXBuildFile; fileRef = B2000001; };
		B1000002 /* DrinkStoreTests.swift in Sources */ = {isa = PBXBuildFile; fileRef = B2000002; };
		B1000004 /* ScanningPipelineTests.swift in Sources */ = {isa = PBXBuildFile; fileRef = B2000004; };
		B1000005 /* PipelineIntegrationTests.swift in Sources */ = {isa = PBXBuildFile; fileRef = B2000005; };
		B1000006 /* StoreIntegrationTests.swift in Sources */ = {isa = PBXBuildFile; fileRef = B2000006; };
		B1000003 /* SipCheckUITests.swift in Sources */ = {isa = PBXBuildFile; fileRef = B2000003; };
		D1000001 /* VerdictCardView.swift in Sources */ = {isa = PBXBuildFile; fileRef = D2000001; };
		D1000002 /* JournalEntryRow.swift in Sources */ = {isa = PBXBuildFile; fileRef = D2000002; };
		D1000003 /* WantToTryCard.swift in Sources */ = {isa = PBXBuildFile; fileRef = D2000003; };
		D1000004 /* StyleBarView.swift in Sources */ = {isa = PBXBuildFile; fileRef = D2000004; };
		D1000005 /* VerdictBadge.swift in Sources */ = {isa = PBXBuildFile; fileRef = D2000005; };
		E1000001 /* NotificationService.swift in Sources */ = {isa = PBXBuildFile; fileRef = E2000001; };
		E1000002 /* FollowUpView.swift in Sources */ = {isa = PBXBuildFile; fileRef = E2000002; };
		F1000001 /* TastePreferences.swift in Sources */ = {isa = PBXBuildFile; fileRef = F2000001; };
		A85B87EA2C9F48D195CF02A0 /* PrivacyInfo.xcprivacy in Resources */ = {isa = PBXBuildFile; fileRef = 88C34708ADF14D72B7A94D0E; };
		G1000001 /* AgeGateView.swift in Sources */ = {isa = PBXBuildFile; fileRef = G2000001; };
/* End PBXBuildFile section */

/* Begin PBXContainerItemProxy section */
		B7000001 /* PBXContainerItemProxy */ = {
			isa = PBXContainerItemProxy;
			containerPortal = A7000001 /* Project object */;
			proxyType = 1;
			remoteGlobalIDString = A6000001;
			remoteInfo = SipCheck;
		};
		B7000002 /* PBXContainerItemProxy */ = {
			isa = PBXContainerItemProxy;
			containerPortal = A7000001 /* Project object */;
			proxyType = 1;
			remoteGlobalIDString = A6000001;
			remoteInfo = SipCheck;
		};
/* End PBXContainerItemProxy section */

/* Begin PBXFileReference section */
		A2000001 /* SipCheckApp.swift */ = {isa = PBXFileReference; lastKnownFileType = sourcecode.swift; path = SipCheckApp.swift; sourceTree = "<group>"; };
		A2000002 /* Drink.swift */ = {isa = PBXFileReference; lastKnownFileType = sourcecode.swift; path = Drink.swift; sourceTree = "<group>"; };
		A2000003 /* DrinkEnums.swift */ = {isa = PBXFileReference; lastKnownFileType = sourcecode.swift; path = DrinkEnums.swift; sourceTree = "<group>"; };
		A2000004 /* HomeView.swift */ = {isa = PBXFileReference; lastKnownFileType = sourcecode.swift; path = HomeView.swift; sourceTree = "<group>"; };
		A2000005 /* AddBeerView.swift */ = {isa = PBXFileReference; lastKnownFileType = sourcecode.swift; path = AddBeerView.swift; sourceTree = "<group>"; };
		A2000006 /* BeerListView.swift */ = {isa = PBXFileReference; lastKnownFileType = sourcecode.swift; path = BeerListView.swift; sourceTree = "<group>"; };
		A2000007 /* BeerDetailView.swift */ = {isa = PBXFileReference; lastKnownFileType = sourcecode.swift; path = BeerDetailView.swift; sourceTree = "<group>"; };
		A2000008 /* RatingPicker.swift */ = {isa = PBXFileReference; lastKnownFileType = sourcecode.swift; path = RatingPicker.swift; sourceTree = "<group>"; };
		A2000009 /* StylePicker.swift */ = {isa = PBXFileReference; lastKnownFileType = sourcecode.swift; path = StylePicker.swift; sourceTree = "<group>"; };
		A2000010 /* CameraView.swift */ = {isa = PBXFileReference; lastKnownFileType = sourcecode.swift; path = CameraView.swift; sourceTree = "<group>"; };
		A2000011 /* OpenAIService.swift */ = {isa = PBXFileReference; lastKnownFileType = sourcecode.swift; path = OpenAIService.swift; sourceTree = "<group>"; };
		A2000012 /* BeerMatcher.swift */ = {isa = PBXFileReference; lastKnownFileType = sourcecode.swift; path = BeerMatcher.swift; sourceTree = "<group>"; };
		A2000013 /* CheckBeerView.swift */ = {isa = PBXFileReference; lastKnownFileType = sourcecode.swift; path = CheckBeerView.swift; sourceTree = "<group>"; };
		A2000014 /* Assets.xcassets */ = {isa = PBXFileReference; lastKnownFileType = folder.assetcatalog; path = Assets.xcassets; sourceTree = "<group>"; };
		A2000015 /* Config.swift */ = {isa = PBXFileReference; lastKnownFileType = sourcecode.swift; path = Config.swift; sourceTree = "<group>"; };
		A2000016 /* DrinkStore.swift */ = {isa = PBXFileReference; lastKnownFileType = sourcecode.swift; path = DrinkStore.swift; sourceTree = "<group>"; };
		A2000017 /* Secrets.swift */ = {isa = PBXFileReference; lastKnownFileType = sourcecode.swift; path = Secrets.swift; sourceTree = "<group>"; };
		A2000018 /* LLMProvider.swift */ = {isa = PBXFileReference; lastKnownFileType = sourcecode.swift; path = LLMProvider.swift; sourceTree = "<group>"; };
		A2000019 /* GeminiService.swift */ = {isa = PBXFileReference; lastKnownFileType = sourcecode.swift; path = GeminiService.swift; sourceTree = "<group>"; };
		A2000020 /* VisionOCRService.swift */ = {isa = PBXFileReference; lastKnownFileType = sourcecode.swift; path = VisionOCRService.swift; sourceTree = "<group>"; };
		A2000021 /* ImageCompressor.swift */ = {isa = PBXFileReference; lastKnownFileType = sourcecode.swift; path = ImageCompressor.swift; sourceTree = "<group>"; };
		A2000022 /* ScanningPipeline.swift */ = {isa = PBXFileReference; lastKnownFileType = sourcecode.swift; path = ScanningPipeline.swift; sourceTree = "<group>"; };
		A2000023 /* TasteProfile.swift */ = {isa = PBXFileReference; lastKnownFileType = sourcecode.swift; path = TasteProfile.swift; sourceTree = "<group>"; };
		A2000024 /* StatsView.swift */ = {isa = PBXFileReference; lastKnownFileType = sourcecode.swift; path = StatsView.swift; sourceTree = "<group>"; };
		A2000025 /* OnboardingView.swift */ = {isa = PBXFileReference; lastKnownFileType = sourcecode.swift; path = OnboardingView.swift; sourceTree = "<group>"; };
		A2000026 /* MainTabView.swift */ = {isa = PBXFileReference; lastKnownFileType = sourcecode.swift; path = MainTabView.swift; sourceTree = "<group>"; };
		A2000027 /* CheckTabView.swift */ = {isa = PBXFileReference; lastKnownFileType = sourcecode.swift; path = CheckTabView.swift; sourceTree = "<group>"; };
		A2000028 /* JournalTabView.swift */ = {isa = PBXFileReference; lastKnownFileType = sourcecode.swift; path = JournalTabView.swift; sourceTree = "<group>"; };
		A2000029 /* ProfileTabView.swift */ = {isa = PBXFileReference; lastKnownFileType = sourcecode.swift; path = ProfileTabView.swift; sourceTree = "<group>"; };
		A2000030 /* SettingsTabView.swift */ = {isa = PBXFileReference; lastKnownFileType = sourcecode.swift; path = SettingsTabView.swift; sourceTree = "<group>"; };
		C2000001 /* DesignSystem.swift */ = {isa = PBXFileReference; lastKnownFileType = sourcecode.swift; path = DesignSystem.swift; sourceTree = "<group>"; };
		C2000002 /* Scan.swift */ = {isa = PBXFileReference; lastKnownFileType = sourcecode.swift; path = Scan.swift; sourceTree = "<group>"; };
		C2000003 /* JournalEntry.swift */ = {isa = PBXFileReference; lastKnownFileType = sourcecode.swift; path = JournalEntry.swift; sourceTree = "<group>"; };
		C2000004 /* ScanStore.swift */ = {isa = PBXFileReference; lastKnownFileType = sourcecode.swift; path = ScanStore.swift; sourceTree = "<group>"; };
		C2000005 /* JournalStore.swift */ = {isa = PBXFileReference; lastKnownFileType = sourcecode.swift; path = JournalStore.swift; sourceTree = "<group>"; };
		A3000001 /* SipCheck.app */ = {isa = PBXFileReference; explicitFileType = wrapper.application; includeInIndex = 0; path = SipCheck.app; sourceTree = BUILT_PRODUCTS_DIR; };
		B2000001 /* BeerMatcherTests.swift */ = {isa = PBXFileReference; lastKnownFileType = sourcecode.swift; path = BeerMatcherTests.swift; sourceTree = "<group>"; };
		B2000002 /* DrinkStoreTests.swift */ = {isa = PBXFileReference; lastKnownFileType = sourcecode.swift; path = DrinkStoreTests.swift; sourceTree = "<group>"; };
		B2000004 /* ScanningPipelineTests.swift */ = {isa = PBXFileReference; lastKnownFileType = sourcecode.swift; path = ScanningPipelineTests.swift; sourceTree = "<group>"; };
		B2000005 /* PipelineIntegrationTests.swift */ = {isa = PBXFileReference; lastKnownFileType = sourcecode.swift; path = PipelineIntegrationTests.swift; sourceTree = "<group>"; };
		B2000006 /* StoreIntegrationTests.swift */ = {isa = PBXFileReference; lastKnownFileType = sourcecode.swift; path = StoreIntegrationTests.swift; sourceTree = "<group>"; };
		B2000007 /* ScanStoreTests.swift */ = {isa = PBXFileReference; lastKnownFileType = sourcecode.swift; path = ScanStoreTests.swift; sourceTree = "<group>"; };
		B2000008 /* JournalStoreTests.swift */ = {isa = PBXFileReference; lastKnownFileType = sourcecode.swift; path = JournalStoreTests.swift; sourceTree = "<group>"; };
		B2000003 /* SipCheckUITests.swift */ = {isa = PBXFileReference; lastKnownFileType = sourcecode.swift; path = SipCheckUITests.swift; sourceTree = "<group>"; };
		B3000001 /* SipCheckTests.xctest */ = {isa = PBXFileReference; explicitFileType = wrapper.cfbundle; includeInIndex = 0; path = SipCheckTests.xctest; sourceTree = BUILT_PRODUCTS_DIR; };
		B3000002 /* SipCheckUITests.xctest */ = {isa = PBXFileReference; explicitFileType = wrapper.cfbundle; includeInIndex = 0; path = SipCheckUITests.xctest; sourceTree = BUILT_PRODUCTS_DIR; };
		D2000001 /* VerdictCardView.swift */ = {isa = PBXFileReference; lastKnownFileType = sourcecode.swift; path = VerdictCardView.swift; sourceTree = "<group>"; };
		D2000002 /* JournalEntryRow.swift */ = {isa = PBXFileReference; lastKnownFileType = sourcecode.swift; path = JournalEntryRow.swift; sourceTree = "<group>"; };
		D2000003 /* WantToTryCard.swift */ = {isa = PBXFileReference; lastKnownFileType = sourcecode.swift; path = WantToTryCard.swift; sourceTree = "<group>"; };
		D2000004 /* StyleBarView.swift */ = {isa = PBXFileReference; lastKnownFileType = sourcecode.swift; path = StyleBarView.swift; sourceTree = "<group>"; };
		D2000005 /* VerdictBadge.swift */ = {isa = PBXFileReference; lastKnownFileType = sourcecode.swift; path = VerdictBadge.swift; sourceTree = "<group>"; };
		E2000001 /* NotificationService.swift */ = {isa = PBXFileReference; lastKnownFileType = sourcecode.swift; path = NotificationService.swift; sourceTree = "<group>"; };
		E2000002 /* FollowUpView.swift */ = {isa = PBXFileReference; lastKnownFileType = sourcecode.swift; path = FollowUpView.swift; sourceTree = "<group>"; };
		F2000001 /* TastePreferences.swift */ = {isa = PBXFileReference; lastKnownFileType = sourcecode.swift; path = TastePreferences.swift; sourceTree = "<group>"; };
		88C34708ADF14D72B7A94D0E /* PrivacyInfo.xcprivacy */ = {isa = PBXFileReference; lastKnownFileType = text.xml; path = PrivacyInfo.xcprivacy; sourceTree = "<group>"; };
		G2000001 /* AgeGateView.swift */ = {isa = PBXFileReference; lastKnownFileType = sourcecode.swift; path = AgeGateView.swift; sourceTree = "<group>"; };
/* End PBXFileReference section */

/* Begin PBXFrameworksBuildPhase section */
		A4000001 /* Frameworks */ = {
			isa = PBXFrameworksBuildPhase;
			buildActionMask = 2147483647;
			files = (
			);
			runOnlyForDeploymentPostprocessing = 0;
		};
		B4000001 /* Frameworks */ = {
			isa = PBXFrameworksBuildPhase;
			buildActionMask = 2147483647;
			files = (
			);
			runOnlyForDeploymentPostprocessing = 0;
		};
		B4000002 /* Frameworks */ = {
			isa = PBXFrameworksBuildPhase;
			buildActionMask = 2147483647;
			files = (
			);
			runOnlyForDeploymentPostprocessing = 0;
		};
/* End PBXFrameworksBuildPhase section */

/* Begin PBXGroup section */
		A5000001 = {
			isa = PBXGroup;
			children = (
				A5000002 /* SipCheck */,
				B5000001 /* SipCheckTests */,
				B5000002 /* SipCheckUITests */,
				A5000010 /* Products */,
			);
			sourceTree = "<group>";
		};
		A5000002 /* SipCheck */ = {
			isa = PBXGroup;
			children = (
				A2000001 /* SipCheckApp.swift */,
				A2000015 /* Config.swift */,
				A2000017 /* Secrets.swift */,
				A5000003 /* Models */,
				A5000004 /* Views */,
				A5000006 /* Services */,
				A5000007 /* Resources */,
			);
			path = SipCheck;
			sourceTree = "<group>";
		};
		A5000003 /* Models */ = {
			isa = PBXGroup;
			children = (
				A2000002 /* Drink.swift */,
				A2000003 /* DrinkEnums.swift */,
				A2000023 /* TasteProfile.swift */,
				C2000002 /* Scan.swift */,
				C2000003 /* JournalEntry.swift */,
			);
			path = Models;
			sourceTree = "<group>";
		};
		A5000004 /* Views */ = {
			isa = PBXGroup;
			children = (
				G2000001 /* AgeGateView.swift */,
				A2000004 /* HomeView.swift */,
				A2000026 /* MainTabView.swift */,
				A2000005 /* AddBeerView.swift */,
				A2000006 /* BeerListView.swift */,
				A2000007 /* BeerDetailView.swift */,
				A2000013 /* CheckBeerView.swift */,
				A2000024 /* StatsView.swift */,
				A2000025 /* OnboardingView.swift */,
				C2000001 /* DesignSystem.swift */,
				E2000002 /* FollowUpView.swift */,
				A5000008 /* Tabs */,
				A5000005 /* Components */,
			);
			path = Views;
			sourceTree = "<group>";
		};
		A5000008 /* Tabs */ = {
			isa = PBXGroup;
			children = (
				A2000027 /* CheckTabView.swift */,
				A2000028 /* JournalTabView.swift */,
				A2000029 /* ProfileTabView.swift */,
				A2000030 /* SettingsTabView.swift */,
			);
			path = Tabs;
			sourceTree = "<group>";
		};
		A5000005 /* Components */ = {
			isa = PBXGroup;
			children = (
				A2000008 /* RatingPicker.swift */,
				A2000009 /* StylePicker.swift */,
				A2000010 /* CameraView.swift */,
				D2000001 /* VerdictCardView.swift */,
				D2000002 /* JournalEntryRow.swift */,
				D2000003 /* WantToTryCard.swift */,
				D2000004 /* StyleBarView.swift */,
				D2000005 /* VerdictBadge.swift */,
			);
			path = Components;
			sourceTree = "<group>";
		};
		A5000006 /* Services */ = {
			isa = PBXGroup;
			children = (
				A2000011 /* OpenAIService.swift */,
				A2000012 /* BeerMatcher.swift */,
				A2000016 /* DrinkStore.swift */,
				A2000018 /* LLMProvider.swift */,
				A2000019 /* GeminiService.swift */,
				A2000020 /* VisionOCRService.swift */,
				A2000021 /* ImageCompressor.swift */,
				A2000022 /* ScanningPipeline.swift */,
				C2000004 /* ScanStore.swift */,
				C2000005 /* JournalStore.swift */,
				E2000001 /* NotificationService.swift */,
				F2000001 /* TastePreferences.swift */,
			);
			path = Services;
			sourceTree = "<group>";
		};
		A5000007 /* Resources */ = {
			isa = PBXGroup;
			children = (
				A2000014 /* Assets.xcassets */,
				88C34708ADF14D72B7A94D0E /* PrivacyInfo.xcprivacy */,
			);
			path = Resources;
			sourceTree = "<group>";
		};
		A5000010 /* Products */ = {
			isa = PBXGroup;
			children = (
				A3000001 /* SipCheck.app */,
				B3000001 /* SipCheckTests.xctest */,
				B3000002 /* SipCheckUITests.xctest */,
			);
			name = Products;
			sourceTree = "<group>";
		};
		B5000001 /* SipCheckTests */ = {
			isa = PBXGroup;
			children = (
				B2000001 /* BeerMatcherTests.swift */,
				B2000002 /* DrinkStoreTests.swift */,
				B2000004 /* ScanningPipelineTests.swift */,
				B2000005 /* PipelineIntegrationTests.swift */,
				B2000006 /* StoreIntegrationTests.swift */,
				B2000007 /* ScanStoreTests.swift */,
				B2000008 /* JournalStoreTests.swift */,
			);
			path = SipCheckTests;
			sourceTree = "<group>";
		};
		B5000002 /* SipCheckUITests */ = {
			isa = PBXGroup;
			children = (
				B2000003 /* SipCheckUITests.swift */,
			);
			path = SipCheckUITests;
			sourceTree = "<group>";
		};
/* End PBXGroup section */

/* Begin PBXNativeTarget section */
		A6000001 /* SipCheck */ = {
			isa = PBXNativeTarget;
			buildConfigurationList = A8000003 /* Build configuration list for PBXNativeTarget "SipCheck" */;
			buildPhases = (
				A6000002 /* Sources */,
				A4000001 /* Frameworks */,
				A6000003 /* Resources */,
			);
			buildRules = (
			);
			dependencies = (
			);
			name = SipCheck;
			productName = SipCheck;
			productReference = A3000001 /* SipCheck.app */;
			productType = "com.apple.product-type.application";
		};
		B6000001 /* SipCheckTests */ = {
			isa = PBXNativeTarget;
			buildConfigurationList = B9000001 /* Build configuration list for PBXNativeTarget "SipCheckTests" */;
			buildPhases = (
				B6000002 /* Sources */,
				B4000001 /* Frameworks */,
			);
			buildRules = (
			);
			dependencies = (
				BA000001 /* PBXTargetDependency */,
			);
			name = SipCheckTests;
			productName = SipCheckTests;
			productReference = B3000001 /* SipCheckTests.xctest */;
			productType = "com.apple.product-type.bundle.unit-test";
		};
		B6000003 /* SipCheckUITests */ = {
			isa = PBXNativeTarget;
			buildConfigurationList = B9000002 /* Build configuration list for PBXNativeTarget "SipCheckUITests" */;
			buildPhases = (
				B6000004 /* Sources */,
				B4000002 /* Frameworks */,
			);
			buildRules = (
			);
			dependencies = (
				BA000002 /* PBXTargetDependency */,
			);
			name = SipCheckUITests;
			productName = SipCheckUITests;
			productReference = B3000002 /* SipCheckUITests.xctest */;
			productType = "com.apple.product-type.bundle.ui-testing";
		};
/* End PBXNativeTarget section */

/* Begin PBXProject section */
		A7000001 /* Project object */ = {
			isa = PBXProject;
			attributes = {
				BuildIndependentTargetsInParallel = 1;
				LastSwiftUpdateCheck = 1500;
				LastUpgradeCheck = 1500;
				TargetAttributes = {
					A6000001 = {
						CreatedOnToolsVersion = 15.0;
					};
					B6000001 = {
						CreatedOnToolsVersion = 15.0;
						TestTargetID = A6000001;
					};
					B6000003 = {
						CreatedOnToolsVersion = 15.0;
						TestTargetID = A6000001;
					};
				};
			};
			buildConfigurationList = A8000001 /* Build configuration list for PBXProject "SipCheck" */;
			compatibilityVersion = "Xcode 14.0";
			developmentRegion = en;
			hasScannedForEncodings = 0;
			knownRegions = (
				en,
				Base,
			);
			mainGroup = A5000001;
			productRefGroup = A5000010 /* Products */;
			projectDirPath = "";
			projectRoot = "";
			targets = (
				A6000001 /* SipCheck */,
				B6000001 /* SipCheckTests */,
				B6000003 /* SipCheckUITests */,
			);
		};
/* End PBXProject section */

/* Begin PBXResourcesBuildPhase section */
		A6000003 /* Resources */ = {
			isa = PBXResourcesBuildPhase;
			buildActionMask = 2147483647;
			files = (
				A1000014 /* Assets.xcassets in Resources */,
				A85B87EA2C9F48D195CF02A0 /* PrivacyInfo.xcprivacy in Resources */,
			);
			runOnlyForDeploymentPostprocessing = 0;
		};
/* End PBXResourcesBuildPhase section */

/* Begin PBXSourcesBuildPhase section */
		A6000002 /* Sources */ = {
			isa = PBXSourcesBuildPhase;
			buildActionMask = 2147483647;
			files = (
				A1000001 /* SipCheckApp.swift in Sources */,
				A1000015 /* Config.swift in Sources */,
				A1000017 /* Secrets.swift in Sources */,
				A1000002 /* Drink.swift in Sources */,
				A1000003 /* DrinkEnums.swift in Sources */,
				A1000004 /* HomeView.swift in Sources */,
				A1000005 /* AddBeerView.swift in Sources */,
				A1000006 /* BeerListView.swift in Sources */,
				A1000007 /* BeerDetailView.swift in Sources */,
				A1000008 /* RatingPicker.swift in Sources */,
				A1000009 /* StylePicker.swift in Sources */,
				A1000010 /* CameraView.swift in Sources */,
				A1000011 /* OpenAIService.swift in Sources */,
				A1000012 /* BeerMatcher.swift in Sources */,
				A1000013 /* CheckBeerView.swift in Sources */,
				A1000016 /* DrinkStore.swift in Sources */,
				A1000018 /* LLMProvider.swift in Sources */,
				A1000019 /* GeminiService.swift in Sources */,
				A1000020 /* VisionOCRService.swift in Sources */,
				A1000021 /* ImageCompressor.swift in Sources */,
				A1000022 /* ScanningPipeline.swift in Sources */,
				A1000023 /* TasteProfile.swift in Sources */,
				A1000024 /* StatsView.swift in Sources */,
				G1000001 /* AgeGateView.swift in Sources */,
				A1000025 /* OnboardingView.swift in Sources */,
				A1000026 /* MainTabView.swift in Sources */,
				A1000027 /* CheckTabView.swift in Sources */,
				A1000028 /* JournalTabView.swift in Sources */,
				A1000029 /* ProfileTabView.swift in Sources */,
				A1000030 /* SettingsTabView.swift in Sources */,
				C1000001 /* DesignSystem.swift in Sources */,
				C1000002 /* Scan.swift in Sources */,
				C1000003 /* JournalEntry.swift in Sources */,
				C1000004 /* ScanStore.swift in Sources */,
				C1000005 /* JournalStore.swift in Sources */,
				D1000001 /* VerdictCardView.swift in Sources */,
				D1000002 /* JournalEntryRow.swift in Sources */,
				D1000003 /* WantToTryCard.swift in Sources */,
				D1000004 /* StyleBarView.swift in Sources */,
				D1000005 /* VerdictBadge.swift in Sources */,
				E1000001 /* NotificationService.swift in Sources */,
				E1000002 /* FollowUpView.swift in Sources */,
				F1000001 /* TastePreferences.swift in Sources */,
			);
			runOnlyForDeploymentPostprocessing = 0;
		};
		B6000002 /* Sources */ = {
			isa = PBXSourcesBuildPhase;
			buildActionMask = 2147483647;
			files = (
				B1000001 /* BeerMatcherTests.swift in Sources */,
				B1000002 /* DrinkStoreTests.swift in Sources */,
				B1000004 /* ScanningPipelineTests.swift in Sources */,
				B1000005 /* PipelineIntegrationTests.swift in Sources */,
				B1000006 /* StoreIntegrationTests.swift in Sources */,
				B1000007 /* ScanStoreTests.swift in Sources */,
				B1000008 /* JournalStoreTests.swift in Sources */,
			);
			runOnlyForDeploymentPostprocessing = 0;
		};
		B6000004 /* Sources */ = {
			isa = PBXSourcesBuildPhase;
			buildActionMask = 2147483647;
			files = (
				B1000003 /* SipCheckUITests.swift in Sources */,
			);
			runOnlyForDeploymentPostprocessing = 0;
		};
/* End PBXSourcesBuildPhase section */

/* Begin PBXTargetDependency section */
		BA000001 /* PBXTargetDependency */ = {
			isa = PBXTargetDependency;
			target = A6000001 /* SipCheck */;
			targetProxy = B7000001 /* PBXContainerItemProxy */;
		};
		BA000002 /* PBXTargetDependency */ = {
			isa = PBXTargetDependency;
			target = A6000001 /* SipCheck */;
			targetProxy = B7000002 /* PBXContainerItemProxy */;
		};
/* End PBXTargetDependency section */

/* Begin XCBuildConfiguration section */
		A8000101 /* Debug */ = {
			isa = XCBuildConfiguration;
			buildSettings = {
				ALWAYS_SEARCH_USER_PATHS = NO;
				ASSETCATALOG_COMPILER_GENERATE_SWIFT_ASSET_SYMBOL_EXTENSIONS = YES;
				CLANG_ANALYZER_NONNULL = YES;
				CLANG_ANALYZER_NUMBER_OBJECT_CONVERSION = YES_AGGRESSIVE;
				CLANG_CXX_LANGUAGE_STANDARD = "gnu++20";
				CLANG_ENABLE_MODULES = YES;
				CLANG_ENABLE_OBJC_ARC = YES;
				CLANG_ENABLE_OBJC_WEAK = YES;
				CLANG_WARN_BLOCK_CAPTURE_AUTORELEASING = YES;
				CLANG_WARN_BOOL_CONVERSION = YES;
				CLANG_WARN_COMMA = YES;
				CLANG_WARN_CONSTANT_CONVERSION = YES;
				CLANG_WARN_DEPRECATED_OBJC_IMPLEMENTATIONS = YES;
				CLANG_WARN_DIRECT_OBJC_ISA_USAGE = YES_ERROR;
				CLANG_WARN_DOCUMENTATION_COMMENTS = YES;
				CLANG_WARN_EMPTY_BODY = YES;
				CLANG_WARN_ENUM_CONVERSION = YES;
				CLANG_WARN_INFINITE_RECURSION = YES;
				CLANG_WARN_INT_CONVERSION = YES;
				CLANG_WARN_NON_LITERAL_NULL_CONVERSION = YES;
				CLANG_WARN_OBJC_IMPLICIT_RETAIN_SELF = YES;
				CLANG_WARN_OBJC_LITERAL_CONVERSION = YES;
				CLANG_WARN_OBJC_ROOT_CLASS = YES_ERROR;
				CLANG_WARN_QUOTED_INCLUDE_IN_FRAMEWORK_HEADER = YES;
				CLANG_WARN_RANGE_LOOP_ANALYSIS = YES;
				CLANG_WARN_STRICT_PROTOTYPES = YES;
				CLANG_WARN_SUSPICIOUS_MOVE = YES;
				CLANG_WARN_UNGUARDED_AVAILABILITY = YES_AGGRESSIVE;
				CLANG_WARN_UNREACHABLE_CODE = YES;
				CLANG_WARN__DUPLICATE_METHOD_MATCH = YES;
				COPY_PHASE_STRIP = NO;
				DEBUG_INFORMATION_FORMAT = dwarf;
				ENABLE_STRICT_OBJC_MSGSEND = YES;
				ENABLE_TESTABILITY = YES;
				ENABLE_USER_SCRIPT_SANDBOXING = YES;
				GCC_C_LANGUAGE_STANDARD = gnu17;
				GCC_DYNAMIC_NO_PIC = NO;
				GCC_NO_COMMON_BLOCKS = YES;
				GCC_OPTIMIZATION_LEVEL = 0;
				GCC_PREPROCESSOR_DEFINITIONS = (
					"DEBUG=1",
					"$(inherited)",
				);
				GCC_WARN_64_TO_32_BIT_CONVERSION = YES;
				GCC_WARN_ABOUT_RETURN_TYPE = YES_ERROR;
				GCC_WARN_UNDECLARED_SELECTOR = YES;
				GCC_WARN_UNINITIALIZED_AUTOS = YES_AGGRESSIVE;
				GCC_WARN_UNUSED_FUNCTION = YES;
				GCC_WARN_UNUSED_VARIABLE = YES;
				IPHONEOS_DEPLOYMENT_TARGET = 17.0;
				LOCALIZATION_PREFERS_STRING_CATALOGS = YES;
				MTL_ENABLE_DEBUG_INFO = INCLUDE_SOURCE;
				MTL_FAST_MATH = YES;
				ONLY_ACTIVE_ARCH = YES;
				SDKROOT = iphoneos;
				SWIFT_ACTIVE_COMPILATION_CONDITIONS = "DEBUG $(inherited)";
				SWIFT_OPTIMIZATION_LEVEL = "-Onone";
			};
			name = Debug;
		};
		A8000102 /* Release */ = {
			isa = XCBuildConfiguration;
			buildSettings = {
				ALWAYS_SEARCH_USER_PATHS = NO;
				ASSETCATALOG_COMPILER_GENERATE_SWIFT_ASSET_SYMBOL_EXTENSIONS = YES;
				CLANG_ANALYZER_NONNULL = YES;
				CLANG_ANALYZER_NUMBER_OBJECT_CONVERSION = YES_AGGRESSIVE;
				CLANG_CXX_LANGUAGE_STANDARD = "gnu++20";
				CLANG_ENABLE_MODULES = YES;
				CLANG_ENABLE_OBJC_ARC = YES;
				CLANG_ENABLE_OBJC_WEAK = YES;
				CLANG_WARN_BLOCK_CAPTURE_AUTORELEASING = YES;
				CLANG_WARN_BOOL_CONVERSION = YES;
				CLANG_WARN_COMMA = YES;
				CLANG_WARN_CONSTANT_CONVERSION = YES;
				CLANG_WARN_DEPRECATED_OBJC_IMPLEMENTATIONS = YES;
				CLANG_WARN_DIRECT_OBJC_ISA_USAGE = YES_ERROR;
				CLANG_WARN_DOCUMENTATION_COMMENTS = YES;
				CLANG_WARN_EMPTY_BODY = YES;
				CLANG_WARN_ENUM_CONVERSION = YES;
				CLANG_WARN_INFINITE_RECURSION = YES;
				CLANG_WARN_INT_CONVERSION = YES;
				CLANG_WARN_NON_LITERAL_NULL_CONVERSION = YES;
				CLANG_WARN_OBJC_IMPLICIT_RETAIN_SELF = YES;
				CLANG_WARN_OBJC_LITERAL_CONVERSION = YES;
				CLANG_WARN_OBJC_ROOT_CLASS = YES_ERROR;
				CLANG_WARN_QUOTED_INCLUDE_IN_FRAMEWORK_HEADER = YES;
				CLANG_WARN_RANGE_LOOP_ANALYSIS = YES;
				CLANG_WARN_STRICT_PROTOTYPES = YES;
				CLANG_WARN_SUSPICIOUS_MOVE = YES;
				CLANG_WARN_UNGUARDED_AVAILABILITY = YES_AGGRESSIVE;
				CLANG_WARN_UNREACHABLE_CODE = YES;
				CLANG_WARN__DUPLICATE_METHOD_MATCH = YES;
				COPY_PHASE_STRIP = NO;
				DEBUG_INFORMATION_FORMAT = "dwarf-with-dsym";
				ENABLE_NS_ASSERTIONS = NO;
				ENABLE_STRICT_OBJC_MSGSEND = YES;
				ENABLE_USER_SCRIPT_SANDBOXING = YES;
				GCC_C_LANGUAGE_STANDARD = gnu17;
				GCC_NO_COMMON_BLOCKS = YES;
				GCC_WARN_64_TO_32_BIT_CONVERSION = YES;
				GCC_WARN_ABOUT_RETURN_TYPE = YES_ERROR;
				GCC_WARN_UNDECLARED_SELECTOR = YES;
				GCC_WARN_UNINITIALIZED_AUTOS = YES_AGGRESSIVE;
				GCC_WARN_UNUSED_FUNCTION = YES;
				GCC_WARN_UNUSED_VARIABLE = YES;
				IPHONEOS_DEPLOYMENT_TARGET = 17.0;
				LOCALIZATION_PREFERS_STRING_CATALOGS = YES;
				MTL_ENABLE_DEBUG_INFO = NO;
				MTL_FAST_MATH = YES;
				SDKROOT = iphoneos;
				SWIFT_COMPILATION_MODE = wholemodule;
				VALIDATE_PRODUCT = YES;
			};
			name = Release;
		};
		A8000201 /* Debug */ = {
			isa = XCBuildConfiguration;
			buildSettings = {
				ASSETCATALOG_COMPILER_APPICON_NAME = AppIcon;
				ASSETCATALOG_COMPILER_GLOBAL_ACCENT_COLOR_NAME = AccentColor;
				CODE_SIGN_STYLE = Automatic;
				CURRENT_PROJECT_VERSION = 1;
				DEVELOPMENT_TEAM = YG7C25J24J;
				ENABLE_PREVIEWS = YES;
				GENERATE_INFOPLIST_FILE = YES;
				INFOPLIST_FILE = SipCheck/Info.plist;
				INFOPLIST_KEY_NSCameraUsageDescription = "SipCheck needs camera access to scan beer labels";
				INFOPLIST_KEY_UIApplicationSceneManifest_Generation = YES;
				INFOPLIST_KEY_UIApplicationSupportsIndirectInputEvents = YES;
				INFOPLIST_KEY_UISupportedInterfaceOrientations_iPad = "UIInterfaceOrientationPortrait UIInterfaceOrientationPortraitUpsideDown UIInterfaceOrientationLandscapeLeft UIInterfaceOrientationLandscapeRight";
				INFOPLIST_KEY_UISupportedInterfaceOrientations_iPhone = "UIInterfaceOrientationPortrait UIInterfaceOrientationLandscapeLeft UIInterfaceOrientationLandscapeRight";
				LD_RUNPATH_SEARCH_PATHS = (
					"$(inherited)",
					"@executable_path/Frameworks",
				);
				MARKETING_VERSION = 1.0;
				PRODUCT_BUNDLE_IDENTIFIER = com.sipcheck.app;
				PRODUCT_NAME = "$(TARGET_NAME)";
				SWIFT_EMIT_LOC_STRINGS = YES;
				SWIFT_VERSION = 5.0;
				TARGETED_DEVICE_FAMILY = "1,2";
			};
			name = Debug;
		};
		A8000202 /* Release */ = {
			isa = XCBuildConfiguration;
			buildSettings = {
				ASSETCATALOG_COMPILER_APPICON_NAME = AppIcon;
				ASSETCATALOG_COMPILER_GLOBAL_ACCENT_COLOR_NAME = AccentColor;
				CODE_SIGN_STYLE = Automatic;
				CURRENT_PROJECT_VERSION = 1;
				DEVELOPMENT_TEAM = YG7C25J24J;
				ENABLE_PREVIEWS = YES;
				GENERATE_INFOPLIST_FILE = YES;
				INFOPLIST_FILE = SipCheck/Info.plist;
				INFOPLIST_KEY_NSCameraUsageDescription = "SipCheck needs camera access to scan beer labels";
				INFOPLIST_KEY_UIApplicationSceneManifest_Generation = YES;
				INFOPLIST_KEY_UIApplicationSupportsIndirectInputEvents = YES;
				INFOPLIST_KEY_UISupportedInterfaceOrientations_iPad = "UIInterfaceOrientationPortrait UIInterfaceOrientationPortraitUpsideDown UIInterfaceOrientationLandscapeLeft UIInterfaceOrientationLandscapeRight";
				INFOPLIST_KEY_UISupportedInterfaceOrientations_iPhone = "UIInterfaceOrientationPortrait UIInterfaceOrientationLandscapeLeft UIInterfaceOrientationLandscapeRight";
				LD_RUNPATH_SEARCH_PATHS = (
					"$(inherited)",
					"@executable_path/Frameworks",
				);
				MARKETING_VERSION = 1.0;
				PRODUCT_BUNDLE_IDENTIFIER = com.sipcheck.app;
				PRODUCT_NAME = "$(TARGET_NAME)";
				SWIFT_EMIT_LOC_STRINGS = YES;
				SWIFT_VERSION = 5.0;
				TARGETED_DEVICE_FAMILY = "1,2";
			};
			name = Release;
		};
		B8000101 /* Debug */ = {
			isa = XCBuildConfiguration;
			buildSettings = {
				BUNDLE_LOADER = "$(TEST_HOST)";
				CODE_SIGN_STYLE = Automatic;
				CURRENT_PROJECT_VERSION = 1;
				GENERATE_INFOPLIST_FILE = YES;
				IPHONEOS_DEPLOYMENT_TARGET = 17.0;
				MARKETING_VERSION = 1.0;
				PRODUCT_BUNDLE_IDENTIFIER = com.sipcheck.SipCheckTests;
				PRODUCT_NAME = "$(TARGET_NAME)";
				SWIFT_EMIT_LOC_STRINGS = NO;
				SWIFT_VERSION = 5.0;
				TARGETED_DEVICE_FAMILY = "1,2";
				TEST_HOST = "$(BUILT_PRODUCTS_DIR)/SipCheck.app/$(BUNDLE_EXECUTABLE_FOLDER_PATH)/SipCheck";
			};
			name = Debug;
		};
		B8000102 /* Release */ = {
			isa = XCBuildConfiguration;
			buildSettings = {
				BUNDLE_LOADER = "$(TEST_HOST)";
				CODE_SIGN_STYLE = Automatic;
				CURRENT_PROJECT_VERSION = 1;
				GENERATE_INFOPLIST_FILE = YES;
				IPHONEOS_DEPLOYMENT_TARGET = 17.0;
				MARKETING_VERSION = 1.0;
				PRODUCT_BUNDLE_IDENTIFIER = com.sipcheck.SipCheckTests;
				PRODUCT_NAME = "$(TARGET_NAME)";
				SWIFT_EMIT_LOC_STRINGS = NO;
				SWIFT_VERSION = 5.0;
				TARGETED_DEVICE_FAMILY = "1,2";
				TEST_HOST = "$(BUILT_PRODUCTS_DIR)/SipCheck.app/$(BUNDLE_EXECUTABLE_FOLDER_PATH)/SipCheck";
			};
			name = Release;
		};
		B8000201 /* Debug */ = {
			isa = XCBuildConfiguration;
			buildSettings = {
				CODE_SIGN_STYLE = Automatic;
				CURRENT_PROJECT_VERSION = 1;
				GENERATE_INFOPLIST_FILE = YES;
				IPHONEOS_DEPLOYMENT_TARGET = 17.0;
				MARKETING_VERSION = 1.0;
				PRODUCT_BUNDLE_IDENTIFIER = com.sipcheck.SipCheckUITests;
				PRODUCT_NAME = "$(TARGET_NAME)";
				SWIFT_EMIT_LOC_STRINGS = NO;
				SWIFT_VERSION = 5.0;
				TARGETED_DEVICE_FAMILY = "1,2";
				TEST_TARGET_NAME = SipCheck;
			};
			name = Debug;
		};
		B8000202 /* Release */ = {
			isa = XCBuildConfiguration;
			buildSettings = {
				CODE_SIGN_STYLE = Automatic;
				CURRENT_PROJECT_VERSION = 1;
				GENERATE_INFOPLIST_FILE = YES;
				IPHONEOS_DEPLOYMENT_TARGET = 17.0;
				MARKETING_VERSION = 1.0;
				PRODUCT_BUNDLE_IDENTIFIER = com.sipcheck.SipCheckUITests;
				PRODUCT_NAME = "$(TARGET_NAME)";
				SWIFT_EMIT_LOC_STRINGS = NO;
				SWIFT_VERSION = 5.0;
				TARGETED_DEVICE_FAMILY = "1,2";
				TEST_TARGET_NAME = SipCheck;
			};
			name = Release;
		};
/* End XCBuildConfiguration section */

/* Begin XCConfigurationList section */
		A8000001 /* Build configuration list for PBXProject "SipCheck" */ = {
			isa = XCConfigurationList;
			buildConfigurations = (
				A8000101 /* Debug */,
				A8000102 /* Release */,
			);
			defaultConfigurationIsVisible = 0;
			defaultConfigurationName = Release;
		};
		A8000003 /* Build configuration list for PBXNativeTarget "SipCheck" */ = {
			isa = XCConfigurationList;
			buildConfigurations = (
				A8000201 /* Debug */,
				A8000202 /* Release */,
			);
			defaultConfigurationIsVisible = 0;
			defaultConfigurationName = Release;
		};
		B9000001 /* Build configuration list for PBXNativeTarget "SipCheckTests" */ = {
			isa = XCConfigurationList;
			buildConfigurations = (
				B8000101 /* Debug */,
				B8000102 /* Release */,
			);
			defaultConfigurationIsVisible = 0;
			defaultConfigurationName = Release;
		};
		B9000002 /* Build configuration list for PBXNativeTarget "SipCheckUITests" */ = {
			isa = XCConfigurationList;
			buildConfigurations = (
				B8000201 /* Debug */,
				B8000202 /* Release */,
			);
			defaultConfigurationIsVisible = 0;
			defaultConfigurationName = Release;
		};
/* End XCConfigurationList section */
	};
	rootObject = A7000001 /* Project object */;
}
